
Microsoft Visual Studio Solution File, Format Version 12.00
# Visual Studio Version 16
VisualStudioVersion = 16.0.32002.261
MinimumVisualStudioVersion = 10.0.40219.1
Project("{FAE04EC0-301F-11D3-BF4B-00C04F79EFBC}") = "BetaSpecFlow1", "BetaSpecFlow1.csproj", "{EB2589DC-2FB9-42C6-984E-187371783C5A}"
EndProject
Global
	GlobalSection(SolutionConfigurationPlatforms) = preSolution
		Debug|Any CPU = Debug|Any CPU
		Release|Any CPU = Release|Any CPU
	EndGlobalSection
	GlobalSection(ProjectConfigurationPlatforms) = postSolution
		{EB2589DC-2FB9-42C6-984E-187371783C5A}.Debug|Any CPU.ActiveCfg = Debug|Any CPU
		{EB2589DC-2FB9-42C6-984E-187371783C5A}.Debug|Any CPU.Build.0 = Debug|Any CPU
		{EB2589DC-2FB9-42C6-984E-187371783C5A}.Release|Any CPU.ActiveCfg = Release|Any CPU
		{EB2589DC-2FB9-42C6-984E-187371783C5A}.Release|Any CPU.Build.0 = Release|Any CPU
	EndGlobalSection
	GlobalSection(SolutionProperties) = preSolution
		HideSolutionNode = FALSE
	EndGlobalSection
	GlobalSection(ExtensibilityGlobals) = postSolution
		SolutionGuid = {FF9490DD-146B-4CE1-94EF-D04B09B08E2C}
	EndGlobalSection
EndGlobal
